
Microsoft Visual Studio Solution File, Format Version 12.00
# Visual Studio Version 16
VisualStudioVersion = 16.0.31515.178
MinimumVisualStudioVersion = 10.0.40219.1
Project("{FAE04EC0-301F-11D3-BF4B-00C04F79EFBC}") = "GameForClassSep1821", "GameForClassSep1821.csproj", "{F9ECFB0B-1866-4BB9-96EC-D43FA83F32BB}"
EndProject
Global
	GlobalSection(SolutionConfigurationPlatforms) = preSolution
		Debug|Any CPU = Debug|Any CPU
		Release|Any CPU = Release|Any CPU
	EndGlobalSection
	GlobalSection(ProjectConfigurationPlatforms) = postSolution
		{F9ECFB0B-1866-4BB9-96EC-D43FA83F32BB}.Debug|Any CPU.ActiveCfg = Debug|Any CPU
		{F9ECFB0B-1866-4BB9-96EC-D43FA83F32BB}.Debug|Any CPU.Build.0 = Debug|Any CPU
		{F9ECFB0B-1866-4BB9-96EC-D43FA83F32BB}.Release|Any CPU.ActiveCfg = Release|Any CPU
		{F9ECFB0B-1866-4BB9-96EC-D43FA83F32BB}.Release|Any CPU.Build.0 = Release|Any CPU
	EndGlobalSection
	GlobalSection(SolutionProperties) = preSolution
		HideSolutionNode = FALSE
	EndGlobalSection
	GlobalSection(ExtensibilityGlobals) = postSolution
		SolutionGuid = {6985D3FF-46B5-4C6C-951A-06EF1F28F9EE}
	EndGlobalSection
EndGlobal
